
Microsoft Visual Studio Solution File, Format Version 12.00
# Visual Studio Version 17
VisualStudioVersion = 17.5.002.0
MinimumVisualStudioVersion = 10.0.40219.1
Project("{9A19103F-16F7-4668-BE54-9A1E7A4F7556}") = "SchoolGrade", "SchoolGrade.csproj", "{5583F6B5-F130-4335-B47C-0FB5F8C81E8B}"
EndProject
Global
	GlobalSection(SolutionConfigurationPlatforms) = preSolution
		Debug|Any CPU = Debug|Any CPU
		Release|Any CPU = Release|Any CPU
	EndGlobalSection
	GlobalSection(ProjectConfigurationPlatforms) = postSolution
		{5583F6B5-F130-4335-B47C-0FB5F8C81E8B}.Debug|Any CPU.ActiveCfg = Debug|Any CPU
		{5583F6B5-F130-4335-B47C-0FB5F8C81E8B}.Debug|Any CPU.Build.0 = Debug|Any CPU
		{5583F6B5-F130-4335-B47C-0FB5F8C81E8B}.Release|Any CPU.ActiveCfg = Release|Any CPU
		{5583F6B5-F130-4335-B47C-0FB5F8C81E8B}.Release|Any CPU.Build.0 = Release|Any CPU
	EndGlobalSection
	GlobalSection(SolutionProperties) = preSolution
		HideSolutionNode = FALSE
	EndGlobalSection
	GlobalSection(ExtensibilityGlobals) = postSolution
		SolutionGuid = {D0C8FE78-41B6-4188-A6B0-C5CD8F90DA1F}
	EndGlobalSection
EndGlobal
